<?xml version="1.0" encoding="utf-8"?>
<Project ToolsVersion="4.0" xmlns="http://schemas.microsoft.com/developer/msbuild/2003">
  <ItemGroup>
    <Filter Include="源文件">
      <UniqueIdentifier>{4FC737F1-C7A5-4376-A066-2A32D752A2FF}</UniqueIdentifier>
      <Extensions>cpp;c;cc;cxx;c++;cppm;ixx;def;odl;idl;hpj;bat;asm;asmx</Extensions>
    </Filter>
    <Filter Include="头文件">
      <UniqueIdentifier>{93995380-89BD-4b04-88EB-625FBE52EBFB}</UniqueIdentifier>
      <Extensions>h;hh;hpp;hxx;h++;hm;inl;inc;ipp;xsd</Extensions>
    </Filter>
    <Filter Include="资源文件">
      <UniqueIdentifier>{67DA6AB6-F800-4c08-8B7A-83BB121AAD01}</UniqueIdentifier>
      <Extensions>rc;ico;cur;bmp;dlg;rc2;rct;bin;rgs;gif;jpg;jpeg;jpe;resx;tiff;tif;png;wav;mfcribbon-ms</Extensions>
    </Filter>
    <Filter Include="生成的文件">
      <UniqueIdentifier>{f3913a62-93c9-4048-8e4b-1ba9c76623cb}</UniqueIdentifier>
      <SourceControlFiles>False</SourceControlFiles>
    </Filter>
  </ItemGroup>
  <ItemGroup>
    <ClInclude Include="framework.h">
      <Filter>头文件</Filter>
    </ClInclude>
    <ClInclude Include="targetver.h">
      <Filter>头文件</Filter>
    </ClInclude>
    <ClInclude Include="Resource.h">
      <Filter>头文件</Filter>
    </ClInclude>
    <ClInclude Include="dllmain.h">
      <Filter>头文件</Filter>
    </ClInclude>
    <ClInclude Include="compreg.h">
      <Filter>头文件</Filter>
    </ClInclude>
    <ClInclude Include="xdlldata.h">
      <Filter>头文件</Filter>
    </ClInclude>
    <ClInclude Include="DevEnvExt_i.h">
      <Filter>生成的文件</Filter>
    </ClInclude>
    <ClInclude Include="pch.h">
      <Filter>头文件</Filter>
    </ClInclude>
    <ClInclude Include="EnvExt.h">
      <Filter>头文件</Filter>
    </ClInclude>
    <ClInclude Include="DevEnvMainIExCmd.h">
      <Filter>头文件</Filter>
    </ClInclude>
    <ClInclude Include="DevEnvSubIExCmd.h">
      <Filter>头文件</Filter>
    </ClInclude>
    <ClInclude Include="constinfo.h">
      <Filter>头文件</Filter>
    </ClInclude>
    <ClInclude Include="staticinfo_storage.h">
      <Filter>头文件</Filter>
    </ClInclude>
  </ItemGroup>
  <ItemGroup>
    <ClCompile Include="DevEnvExt.cpp">
      <Filter>源文件</Filter>
    </ClCompile>
    <ClCompile Include="dllmain.cpp">
      <Filter>源文件</Filter>
    </ClCompile>
    <ClCompile Include="compreg.cpp">
      <Filter>源文件</Filter>
    </ClCompile>
    <ClCompile Include="xdlldata.c">
      <Filter>源文件</Filter>
    </ClCompile>
    <ClCompile Include="DevEnvExt_i.c">
      <Filter>生成的文件</Filter>
    </ClCompile>
    <ClCompile Include="pch.cpp">
      <Filter>源文件</Filter>
    </ClCompile>
    <ClCompile Include="EnvExt.cpp">
      <Filter>源文件</Filter>
    </ClCompile>
    <ClCompile Include="DevEnvMainIExCmd.cpp">
      <Filter>源文件</Filter>
    </ClCompile>
    <ClCompile Include="DevEnvSubIExCmd.cpp">
      <Filter>源文件</Filter>
    </ClCompile>
    <ClCompile Include="staticinfo_storage.cpp">
      <Filter>源文件</Filter>
    </ClCompile>
  </ItemGroup>
  <ItemGroup>
    <ResourceCompile Include="DevEnvExt.rc">
      <Filter>资源文件</Filter>
    </ResourceCompile>
  </ItemGroup>
  <ItemGroup>
    <None Include="DevEnvExt.rgs">
      <Filter>资源文件</Filter>
    </None>
    <None Include="DevEnvExt.def">
      <Filter>源文件</Filter>
    </None>
    <None Include="EnvExt.rgs">
      <Filter>资源文件</Filter>
    </None>
    <None Include="DevEnvMainIExCmd.rgs">
      <Filter>资源文件</Filter>
    </None>
    <None Include="DevEnvSubIExCmd.rgs">
      <Filter>资源文件</Filter>
    </None>
  </ItemGroup>
  <ItemGroup>
    <Midl Include="DevEnvExt.idl">
      <Filter>源文件</Filter>
    </Midl>
  </ItemGroup>
  <ItemGroup>
    <Image Include="C:\environment\图标文件workspace\新建文件夹\J.ico">
      <Filter>资源文件</Filter>
    </Image>
    <Image Include="C:\environment\图标文件workspace\新建文件夹\J.png">
      <Filter>资源文件</Filter>
    </Image>
  </ItemGroup>
</Project>